<?xml version="1.0" encoding="utf-8"?>
<Project ToolsVersion="4.0" xmlns="http://schemas.microsoft.com/developer/msbuild/2003">
  <ItemGroup>
    <Filter Include="Source Files">
      <UniqueIdentifier>{4FC737F1-C7A5-4376-A066-2A32D752A2FF}</UniqueIdentifier>
      <Extensions>cpp;c;cc;cxx;def;odl;idl;hpj;bat;asm;asmx</Extensions>
    </Filter>
    <Filter Include="Header Files">
      <UniqueIdentifier>{93995380-89BD-4b04-88EB-625FBE52EBFB}</UniqueIdentifier>
      <Extensions>h;hh;hpp;hxx;hm;inl;inc;xsd</Extensions>
    </Filter>
    <Filter Include="Shader">
      <UniqueIdentifier>{5d33c47d-0d42-404a-8965-ba5bdacb604c}</UniqueIdentifier>
    </Filter>
    <Filter Include="Header Files\Ship">
      <UniqueIdentifier>{7a378648-5c78-45e0-bec0-bdbade33e3d4}</UniqueIdentifier>
    </Filter>
    <Filter Include="Source Files\Ship">
      <UniqueIdentifier>{f99de738-941f-4a2f-92b2-460043d37b11}</UniqueIdentifier>
    </Filter>
    <Filter Include="Header Files\Camera">
      <UniqueIdentifier>{7218796c-e6bd-4096-b965-8577424b50ff}</UniqueIdentifier>
    </Filter>
    <Filter Include="Header Files\Lighting">
      <UniqueIdentifier>{e9f15012-b735-4473-8cf9-5b9b979f5ec8}</UniqueIdentifier>
    </Filter>
    <Filter Include="Header Files\Graphics">
      <UniqueIdentifier>{d55e5fbd-9046-476a-9806-b1717ff597fb}</UniqueIdentifier>
    </Filter>
    <Filter Include="Header Files\Scene">
      <UniqueIdentifier>{4455f007-ea90-4583-ab0a-f20210241589}</UniqueIdentifier>
    </Filter>
    <Filter Include="Source Files\Camera">
      <UniqueIdentifier>{45850206-fdbf-4d0b-86cd-6aa1abd2dc78}</UniqueIdentifier>
    </Filter>
    <Filter Include="Source Files\Graphics">
      <UniqueIdentifier>{3e51268e-fa78-4f0c-b73c-ffd3bc39eb6f}</UniqueIdentifier>
    </Filter>
    <Filter Include="Source Files\Scene">
      <UniqueIdentifier>{0bdda0c8-c491-4670-9151-c9703a13cf26}</UniqueIdentifier>
    </Filter>
    <Filter Include="Source Files\Objects">
      <UniqueIdentifier>{8efb77dc-2335-4192-b8f9-f7ae3dd340bc}</UniqueIdentifier>
    </Filter>
    <Filter Include="Header Files\Object">
      <UniqueIdentifier>{14de4e41-9248-4f50-870a-54fc94d76b08}</UniqueIdentifier>
    </Filter>
    <Filter Include="Source Files\GameObject">
      <UniqueIdentifier>{a9515de9-41e3-4e15-ad34-908c155714d5}</UniqueIdentifier>
    </Filter>
    <Filter Include="Header Files\GameObject">
      <UniqueIdentifier>{348ad4da-5243-4c4e-864a-4a917d88d4f4}</UniqueIdentifier>
    </Filter>
    <Filter Include="Source Files\Objects\Projectile">
      <UniqueIdentifier>{8e3e1879-cb0c-4f46-93cb-5f429f9ac80f}</UniqueIdentifier>
    </Filter>
    <Filter Include="Header Files\Object\Projectile">
      <UniqueIdentifier>{84f4c702-43aa-400e-a918-0c49c862530b}</UniqueIdentifier>
    </Filter>
    <Filter Include="Header Files\Generate">
      <UniqueIdentifier>{e039c63c-6549-475b-9fa3-1dcea781805f}</UniqueIdentifier>
    </Filter>
    <Filter Include="Source Files\Generate">
      <UniqueIdentifier>{99b6ce44-5763-42f8-a5b5-857fb35a8f4a}</UniqueIdentifier>
    </Filter>
    <Filter Include="Header Files\Object\AABB">
      <UniqueIdentifier>{17bc205a-5149-48b4-9582-4263ecb5a94c}</UniqueIdentifier>
    </Filter>
    <Filter Include="Source Files\Objects\AABB">
      <UniqueIdentifier>{ad973879-123c-471a-8ec5-491931a95554}</UniqueIdentifier>
    </Filter>
    <Filter Include="Header Files\Module">
      <UniqueIdentifier>{eea57384-da5d-4856-b4ad-5d18e0bd978b}</UniqueIdentifier>
    </Filter>
    <Filter Include="Source Files\Module">
      <UniqueIdentifier>{7b0440bc-12c0-457b-97a4-a786188aed3b}</UniqueIdentifier>
    </Filter>
    <Filter Include="Header Files\Land">
      <UniqueIdentifier>{a62f1805-1b8f-43d1-a354-4165246b8457}</UniqueIdentifier>
    </Filter>
    <Filter Include="Source Files\Land">
      <UniqueIdentifier>{013a1239-df64-4be1-a4c1-41d72dc35537}</UniqueIdentifier>
    </Filter>
    <Filter Include="Header Files\Enemy">
      <UniqueIdentifier>{de2c2aef-5f96-41da-8922-5b0a0e2c4c5f}</UniqueIdentifier>
    </Filter>
    <Filter Include="Source Files\Enemy">
      <UniqueIdentifier>{b3459a44-87a8-4085-8db1-24678fa44bf8}</UniqueIdentifier>
	</Filter>
    <Filter Include="Source Files\Objects\Minerals">
      <UniqueIdentifier>{f4d9a122-dae1-4b1f-a6d7-267f0d7b5b52}</UniqueIdentifier>
    </Filter>
    <Filter Include="Header Files\Object\Minerals">
      <UniqueIdentifier>{f86d8176-33c5-4c36-9517-40abcc0fc579}</UniqueIdentifier>
    </Filter>
  </ItemGroup>
  <ItemGroup>
    <ClCompile Include="Source\Application.cpp">
      <Filter>Source Files</Filter>
    </ClCompile>
    <ClCompile Include="Source\main.cpp">
      <Filter>Source Files</Filter>
    </ClCompile>
    <ClCompile Include="Source\ship.cpp">
      <Filter>Source Files\Ship</Filter>
    </ClCompile>
    <ClCompile Include="Source\Camera.cpp">
      <Filter>Source Files\Camera</Filter>
    </ClCompile>
    <ClCompile Include="Source\Camera2.cpp">
      <Filter>Source Files\Camera</Filter>
    </ClCompile>
    <ClCompile Include="Source\Camera3.cpp">
      <Filter>Source Files\Camera</Filter>
    </ClCompile>
    <ClCompile Include="Source\LoadTGA.cpp">
      <Filter>Source Files\Graphics</Filter>
    </ClCompile>
    <ClCompile Include="Source\LoadOBJ.cpp">
      <Filter>Source Files\Graphics</Filter>
    </ClCompile>
    <ClCompile Include="Source\Mesh.cpp">
      <Filter>Source Files\Graphics</Filter>
    </ClCompile>
    <ClCompile Include="Source\MeshBuilder.cpp">
      <Filter>Source Files\Graphics</Filter>
    </ClCompile>
    <ClCompile Include="Source\Utility.cpp">
      <Filter>Source Files\Graphics</Filter>
    </ClCompile>
    <ClCompile Include="Source\shader.cpp">
      <Filter>Source Files\Graphics</Filter>
    </ClCompile>
    <ClCompile Include="Source\StudioProject.cpp">
      <Filter>Source Files\Scene</Filter>
    </ClCompile>
    <ClCompile Include="Source\playerShip.cpp">
      <Filter>Source Files\Ship</Filter>
    </ClCompile>
    <ClCompile Include="Source\enemyShip.cpp">
      <Filter>Source Files\Ship</Filter>
    </ClCompile>
    <ClCompile Include="Source\MouseControl.cpp">
      <Filter>Source Files\Camera</Filter>
    </ClCompile>
    <ClCompile Include="Source\SceneManager.cpp">
      <Filter>Source Files\Scene</Filter>
    </ClCompile>
    <ClCompile Include="Source\Rock.cpp">
      <Filter>Source Files\Objects</Filter>
    </ClCompile>
    <ClCompile Include="Source\Tree.cpp">
      <Filter>Source Files\Objects</Filter>
    </ClCompile>
    <ClCompile Include="Source\GameObject.cpp">
      <Filter>Source Files\Objects</Filter>
    </ClCompile>
    <ClCompile Include="Source\Item.cpp">
      <Filter>Source Files\GameObject</Filter>
    </ClCompile>
    <ClCompile Include="Source\Weapon.cpp">
      <Filter>Source Files\GameObject</Filter>
    </ClCompile>
    <ClCompile Include="Source\ObjectFactory.cpp">
      <Filter>Source Files\GameObject</Filter>
    </ClCompile>
    <ClCompile Include="Source\Projectile.cpp">
      <Filter>Source Files\Objects\Projectile</Filter>
    </ClCompile>
    <ClCompile Include="Source\Randomise.cpp">
      <Filter>Source Files\Generate</Filter>
    </ClCompile>
    <ClCompile Include="Source\GalaxyGenerate.cpp">
      <Filter>Source Files\Generate</Filter>
    </ClCompile>
    <ClCompile Include="Source\LandGenerate.cpp">
      <Filter>Source Files\Generate</Filter>
    </ClCompile>
    <ClCompile Include="Source\Func_AABB.cpp">
      <Filter>Source Files\Objects\AABB</Filter>
    </ClCompile>
    <ClCompile Include="Source\ObjectRender.cpp">
      <Filter>Source Files\GameObject</Filter>
    </ClCompile>
    <ClCompile Include="Source\Building.cpp">
      <Filter>Source Files</Filter>
    </ClCompile>
    <ClCompile Include="Source\NPC.cpp">
      <Filter>Source Files</Filter>
    </ClCompile>
    <ClCompile Include="Source\Missile.cpp">
      <Filter>Source Files\Objects\Projectile</Filter>
    </ClCompile>
    <ClCompile Include="Source\PowerPlant.cpp">
      <Filter>Source Files\Module</Filter>
    </ClCompile>
    <ClCompile Include="Source\Shield.cpp">
      <Filter>Source Files\Module</Filter>
    </ClCompile>
    <ClCompile Include="Source\Thruster.cpp">
      <Filter>Source Files\Module</Filter>
    </ClCompile>
    <ClCompile Include="Source\Hull.cpp">
      <Filter>Source Files\Module</Filter>
    </ClCompile>
    <ClCompile Include="Source\PlanetScene.cpp">
      <Filter>Source Files\Scene</Filter>
    </ClCompile>
    <ClCompile Include="Source\CollisionManager.cpp">
      <Filter>Source Files</Filter>
    </ClCompile>
    <ClCompile Include="Source\landPlayer.cpp">
      <Filter>Source Files\Land</Filter>
    </ClCompile>
    <ClCompile Include="Source\landEntity.cpp">
      <Filter>Source Files\Land</Filter>
    </ClCompile>
    <ClCompile Include="Source\LandFPSCamera.cpp">
      <Filter>Source Files\Camera</Filter>
    </ClCompile>
    <ClCompile Include="Source\SystemTravelShip.cpp">
      <Filter>Source Files\Ship</Filter>
    </ClCompile>
    <ClCompile Include="Source\SolarGenerate.cpp">
      <Filter>Source Files\Generate</Filter>
    </ClCompile>
    <ClCompile Include="Source\SystemScene.cpp">
      <Filter>Source Files\Scene</Filter>
    </ClCompile>
    <ClCompile Include="Source\GreenPlanet.cpp">
      <Filter>Source Files\Objects</Filter>
    </ClCompile>
    <ClCompile Include="Source\Node.cpp">
      <Filter>Source Files\Enemy</Filter>
    </ClCompile>
    <ClCompile Include="Source\landEnemy.cpp">
      <Filter>Source Files\Enemy</Filter>
    </ClCompile>
    <ClCompile Include="Source\Bullet.cpp">
      <Filter>Source Files\Objects\Projectile</Filter>
    </ClCompile>
    <ClCompile Include="Source\StartScene.cpp">
      <Filter>Source Files\Scene</Filter>
    </ClCompile>
    <ClCompile Include="Source\Node.cpp">
      <Filter>Source Files</Filter>
    </ClCompile>
    <ClCompile Include="Source\LandVehicle.cpp">
      <Filter>Source Files\Land</Filter>
    </ClCompile>
    <ClCompile Include="Source\MainMenuScene.cpp">
      <Filter>Source Files\Scene</Filter>
    </ClCompile>
    <ClCompile Include="Source\DesertPlanet.cpp">
      <Filter>Source Files\Objects</Filter>
    </ClCompile>
    <ClCompile Include="Source\BluePlanet.cpp">
      <Filter>Source Files\Objects</Filter>
    </ClCompile>
    <ClCompile Include="Source\ItemFactory.cpp">
      <Filter>Source Files\GameObject</Filter>
    </ClCompile>
    <ClCompile Include="Source\GalaxyScene.cpp">
      <Filter>Source Files\Scene</Filter>
    </ClCompile>
    <ClCompile Include="Source\Explosion.cpp">
      <Filter>Source Files\Objects\Projectile</Filter>
    </ClCompile>
    <ClCompile Include="Source\StationScene.cpp">
      <Filter>Source Files\Scene</Filter>
	</ClCompile>
    <ClCompile Include="Source\InventoryCamera.cpp">
      <Filter>Source Files\Camera</Filter>
    </ClCompile>
    <ClCompile Include="Source\Mithril.cpp">
      <Filter>Source Files\Objects\Minerals</Filter>
    </ClCompile>
    <ClCompile Include="Source\Bismuth.cpp">
      <Filter>Source Files\Objects\Minerals</Filter>
    </ClCompile>
    <ClCompile Include="Source\Titanium.cpp">
      <Filter>Source Files\Objects\Minerals</Filter>
    </ClCompile>
    <ClCompile Include="Source\Iron.cpp">
      <Filter>Source Files\Objects\Minerals</Filter>
    </ClCompile>
    <ClCompile Include="Source\stationCamera.cpp">
      <Filter>Source Files\Camera</Filter>
    </ClCompile>
  </ItemGroup>
  <ItemGroup>
    <ClInclude Include="Source\Application.h">
      <Filter>Header Files</Filter>
    </ClInclude>
    <ClInclude Include="Source\ship.h">
      <Filter>Header Files\Ship</Filter>
    </ClInclude>
    <ClInclude Include="Source\playerShip.h">
      <Filter>Header Files\Ship</Filter>
    </ClInclude>
    <ClInclude Include="Source\enemyShip.h">
      <Filter>Header Files\Ship</Filter>
    </ClInclude>
    <ClInclude Include="Source\Camera3.h">
      <Filter>Header Files\Camera</Filter>
    </ClInclude>
    <ClInclude Include="Source\Camera.h">
      <Filter>Header Files\Camera</Filter>
    </ClInclude>
    <ClInclude Include="Source\Camera2.h">
      <Filter>Header Files\Camera</Filter>
    </ClInclude>
    <ClInclude Include="Source\LoadOBJ.h">
      <Filter>Header Files\Graphics</Filter>
    </ClInclude>
    <ClInclude Include="Source\LoadTGA.h">
      <Filter>Header Files\Graphics</Filter>
    </ClInclude>
    <ClInclude Include="Source\Light.h">
      <Filter>Header Files\Lighting</Filter>
    </ClInclude>
    <ClInclude Include="Source\Material.h">
      <Filter>Header Files\Lighting</Filter>
    </ClInclude>
    <ClInclude Include="Source\Vertex.h">
      <Filter>Header Files\Graphics</Filter>
    </ClInclude>
    <ClInclude Include="Source\MeshBuilder.h">
      <Filter>Header Files\Graphics</Filter>
    </ClInclude>
    <ClInclude Include="Source\Mesh.h">
      <Filter>Header Files\Graphics</Filter>
    </ClInclude>
    <ClInclude Include="Source\shader.hpp">
      <Filter>Header Files\Graphics</Filter>
    </ClInclude>
    <ClInclude Include="Source\Utility.h">
      <Filter>Header Files\Graphics</Filter>
    </ClInclude>
    <ClInclude Include="Source\Scene.h">
      <Filter>Header Files\Scene</Filter>
    </ClInclude>
    <ClInclude Include="Source\StudioProject.h">
      <Filter>Header Files\Scene</Filter>
    </ClInclude>
    <ClInclude Include="Source\DetectMemoryLeak.h">
      <Filter>Header Files</Filter>
    </ClInclude>
    <ClInclude Include="Source\MouseControl.h">
      <Filter>Header Files\Camera</Filter>
    </ClInclude>
    <ClInclude Include="Source\SceneManager.h">
      <Filter>Header Files\Scene</Filter>
    </ClInclude>
    <ClInclude Include="Source\Rock.h">
      <Filter>Header Files\Object</Filter>
    </ClInclude>
    <ClInclude Include="Source\Tree.h">
      <Filter>Header Files\Object</Filter>
    </ClInclude>
    <ClInclude Include="Source\Weapon.h">
      <Filter>Header Files\GameObject</Filter>
    </ClInclude>
    <ClInclude Include="Source\GameObject.h">
      <Filter>Header Files\GameObject</Filter>
    </ClInclude>
    <ClInclude Include="Source\Item.h">
      <Filter>Header Files\GameObject</Filter>
    </ClInclude>
    <ClInclude Include="Source\Projectile.h">
      <Filter>Header Files\Object\Projectile</Filter>
    </ClInclude>
    <ClInclude Include="Source\GalaxyGenerate.h">
      <Filter>Header Files\Generate</Filter>
    </ClInclude>
    <ClInclude Include="Source\Randomise.h">
      <Filter>Header Files\Generate</Filter>
    </ClInclude>
    <ClInclude Include="Source\SolarGenerate.h">
      <Filter>Header Files\Generate</Filter>
    </ClInclude>
    <ClInclude Include="Source\LandGenerate.h">
      <Filter>Header Files\Generate</Filter>
    </ClInclude>
    <ClInclude Include="Source\AABB.h">
      <Filter>Header Files\Object\AABB</Filter>
    </ClInclude>
    <ClInclude Include="Source\Func_AABB.h">
      <Filter>Header Files\Object\AABB</Filter>
    </ClInclude>
    <ClInclude Include="Source\Missile.h">
      <Filter>Header Files\Object\Projectile</Filter>
    </ClInclude>
    <ClInclude Include="Source\ObjectFactory.h">
      <Filter>Header Files\GameObject</Filter>
    </ClInclude>
    <ClInclude Include="Source\ObjectRender.h">
      <Filter>Header Files\GameObject</Filter>
    </ClInclude>
    <ClInclude Include="Source\Building.h">
      <Filter>Header Files</Filter>
    </ClInclude>
    <ClInclude Include="Source\NPC.h">
      <Filter>Header Files</Filter>
    </ClInclude>
    <ClInclude Include="Source\Node.h">
      <Filter>Header Files\Enemy</Filter>
    </ClInclude>
    <ClInclude Include="Source\PowerPlant.h">
      <Filter>Header Files\Module</Filter>
    </ClInclude>
    <ClInclude Include="Source\Shield.h">
      <Filter>Header Files\Module</Filter>
    </ClInclude>
    <ClInclude Include="Source\Thruster.h">
      <Filter>Header Files\Module</Filter>
    </ClInclude>
    <ClInclude Include="Source\Hull.h">
      <Filter>Header Files\Module</Filter>
    </ClInclude>
    <ClInclude Include="Source\Module.h">
      <Filter>Header Files\Module</Filter>
    </ClInclude>
    <ClInclude Include="Source\PlanetScene.h">
      <Filter>Header Files\Scene</Filter>
    </ClInclude>
    <ClInclude Include="Source\CollisionManager.h">
      <Filter>Header Files</Filter>
    </ClInclude>
    <ClInclude Include="Source\landEntity.h">
      <Filter>Header Files\Land</Filter>
    </ClInclude>
    <ClInclude Include="Source\landPlayer.h">
      <Filter>Header Files\Land</Filter>
    </ClInclude>
    <ClInclude Include="Source\LandFPSCamera.h">
      <Filter>Header Files\Camera</Filter>
    </ClInclude>
    <ClInclude Include="Source\SystemTravelShip.h">
      <Filter>Header Files\Ship</Filter>
    </ClInclude>
    <ClInclude Include="Source\SystemScene.h">
      <Filter>Header Files\Scene</Filter>
    </ClInclude>
    <ClInclude Include="Source\GreenPlanet.h">
      <Filter>Header Files\Object</Filter>
    </ClInclude>
    <ClInclude Include="Source\StartScene.h">
      <Filter>Header Files\Scene</Filter>
    </ClInclude>
    <ClInclude Include="Source\landEnemy.h">
      <Filter>Header Files\Enemy</Filter>
    </ClInclude>
    <ClInclude Include="Source\Bullet.h">
      <Filter>Header Files\Object\Projectile</Filter>
    </ClInclude>
    <ClInclude Include="Source\LandVehicle.h">
      <Filter>Header Files\Land</Filter>
    </ClInclude>
    <ClInclude Include="Source\MainMenuScene.h">
      <Filter>Header Files\Scene</Filter>
    </ClInclude>
    <ClInclude Include="Source\DesertPlanet.h">
      <Filter>Header Files\Object</Filter>
    </ClInclude>
    <ClInclude Include="Source\BluePlanet.h">
      <Filter>Header Files\Object</Filter>
    </ClInclude>
    <ClInclude Include="Source\ItemFactory.h">
      <Filter>Header Files\GameObject</Filter>
    </ClInclude>
    <ClInclude Include="Source\GalaxyScene.h">
      <Filter>Header Files\Scene</Filter>
    </ClInclude>
    <ClInclude Include="Source\Explosion.h">
      <Filter>Header Files\Object\Projectile</Filter>
    </ClInclude>
    <ClInclude Include="Source\StationScene.h">
      <Filter>Header Files\Scene</Filter>
	</ClInclude>
    <ClInclude Include="Source\InventoryCamera.h">
      <Filter>Header Files\Camera</Filter>
    </ClInclude>
    <ClInclude Include="Source\Mithril.h">
      <Filter>Header Files\Object\Minerals</Filter>
    </ClInclude>
    <ClInclude Include="Source\Bismuth.h">
      <Filter>Header Files\Object\Minerals</Filter>
    </ClInclude>
    <ClInclude Include="Source\Iron.h">
      <Filter>Header Files\Object\Minerals</Filter>
    </ClInclude>
    <ClInclude Include="Source\Titanium.h">
      <Filter>Header Files\Object\Minerals</Filter>
    </ClInclude>
    <ClInclude Include="Source\stationCamera.h">
      <Filter>Header Files\Camera</Filter>
    </ClInclude>
  </ItemGroup>
  <ItemGroup>
    <None Include="..\..\..\..\..\Downloads\Practical2_files(1)\Practical2_files\Application\Shader\SimpleFragmentShader.fragmentshader">
      <Filter>Shader</Filter>
    </None>
    <None Include="..\..\..\..\..\Downloads\Practical2_files(1)\Practical2_files\Application\Shader\SimpleVertexShader.vertexshader">
      <Filter>Shader</Filter>
    </None>
  </ItemGroup>
</Project>